# THIS IS AN AUTOGENERATED FILE. DO NOT EDIT THIS FILE DIRECTLY.
# yarn lockfile v1


csv-parse@^5.0.3:
  version "5.2.0"
  resolved "https://registry.yarnpkg.com/csv-parse/-/csv-parse-5.2.0.tgz#492b5ca2e5e87e3672ca834e83ab3a0e2486d5cb"
  integrity sha512-ZuLjTp3Qx2gycoB7FKS9q11KgDL3f0wQszTlNOajS3fHa0jypN/zgjmkam+rczX5dXw5z7+KrDW2hWkM4542Ug==
